// !$*UTF8*$!
{
	archiveVersion = 1;
	classes = {
	};
	objectVersion = 50;
	objects = {

/* Begin PBXBuildFile section */
		9205A91F216B8D5000D54D6A /* example_echocli.h in Sources */ = {isa = PBXBuildFile; fileRef = 9205A917216B8D5000D54D6A /* example_echocli.h */; };
		9205A922216B8D5000D54D6A /* example_cond.h in Sources */ = {isa = PBXBuildFile; fileRef = 9205A91A216B8D5000D54D6A /* example_cond.h */; };
		9205A925216B8D5000D54D6A /* example_copystack.h in Sources */ = {isa = PBXBuildFile; fileRef = 9205A91D216B8D5000D54D6A /* example_copystack.h */; };
		9205A92C216B929800D54D6A /* example_thread.h in Sources */ = {isa = PBXBuildFile; fileRef = 9205A927216B929800D54D6A /* example_thread.h */; };
		9205A92D216B929800D54D6A /* example_setenv.h in Sources */ = {isa = PBXBuildFile; fileRef = 9205A928216B929800D54D6A /* example_setenv.h */; };
		9205A92E216B929800D54D6A /* example_echosvr.h in Sources */ = {isa = PBXBuildFile; fileRef = 9205A929216B929800D54D6A /* example_echosvr.h */; };
		9205A92F216B929800D54D6A /* example_poll.h in Sources */ = {isa = PBXBuildFile; fileRef = 9205A92A216B929800D54D6A /* example_poll.h */; };
		9205A930216B929800D54D6A /* example_specific.h in Sources */ = {isa = PBXBuildFile; fileRef = 9205A92B216B929800D54D6A /* example_specific.h */; };
		92445FAA2147F2FE00733AB6 /* main.cpp in Sources */ = {isa = PBXBuildFile; fileRef = 92445FA92147F2FE00733AB6 /* main.cpp */; };
		92445FBC2147F32C00733AB6 /* co_epoll.cpp in Sources */ = {isa = PBXBuildFile; fileRef = 92445FB22147F32B00733AB6 /* co_epoll.cpp */; };
		92445FBD2147F32C00733AB6 /* co_hook_sys_call.cpp in Sources */ = {isa = PBXBuildFile; fileRef = 92445FB32147F32B00733AB6 /* co_hook_sys_call.cpp */; };
		92445FBE2147F32C00733AB6 /* coctx_swap.S in Sources */ = {isa = PBXBuildFile; fileRef = 92445FB72147F32C00733AB6 /* coctx_swap.S */; };
		92445FBF2147F32C00733AB6 /* coctx.cpp in Sources */ = {isa = PBXBuildFile; fileRef = 92445FB82147F32C00733AB6 /* coctx.cpp */; };
		92445FC02147F32C00733AB6 /* co_routine.cpp in Sources */ = {isa = PBXBuildFile; fileRef = 92445FBB2147F32C00733AB6 /* co_routine.cpp */; };
		92445FC22147F54200733AB6 /* example_closure.h in Sources */ = {isa = PBXBuildFile; fileRef = 92445FC12147F54200733AB6 /* example_closure.h */; };
/* End PBXBuildFile section */

/* Begin PBXCopyFilesBuildPhase section */
		92445FA42147F2FE00733AB6 /* CopyFiles */ = {
			isa = PBXCopyFilesBuildPhase;
			buildActionMask = 2147483647;
			dstPath = /usr/share/man/man1/;
			dstSubfolderSpec = 0;
			files = (
			);
			runOnlyForDeploymentPostprocessing = 1;
		};
/* End PBXCopyFilesBuildPhase section */

/* Begin PBXFileReference section */
		9205A917216B8D5000D54D6A /* example_echocli.h */ = {isa = PBXFileReference; fileEncoding = 4; lastKnownFileType = sourcecode.c.h; name = example_echocli.h; path = ../../../example_echocli.h; sourceTree = "<group>"; };
		9205A91A216B8D5000D54D6A /* example_cond.h */ = {isa = PBXFileReference; fileEncoding = 4; lastKnownFileType = sourcecode.c.h; name = example_cond.h; path = ../../../example_cond.h; sourceTree = "<group>"; };
		9205A91D216B8D5000D54D6A /* example_copystack.h */ = {isa = PBXFileReference; fileEncoding = 4; lastKnownFileType = sourcecode.c.h; name = example_copystack.h; path = ../../../example_copystack.h; sourceTree = "<group>"; };
		9205A927216B929800D54D6A /* example_thread.h */ = {isa = PBXFileReference; fileEncoding = 4; lastKnownFileType = sourcecode.c.h; name = example_thread.h; path = ../../../example_thread.h; sourceTree = "<group>"; };
		9205A928216B929800D54D6A /* example_setenv.h */ = {isa = PBXFileReference; fileEncoding = 4; lastKnownFileType = sourcecode.c.h; name = example_setenv.h; path = ../../../example_setenv.h; sourceTree = "<group>"; };
		9205A929216B929800D54D6A /* example_echosvr.h */ = {isa = PBXFileReference; fileEncoding = 4; lastKnownFileType = sourcecode.c.h; name = example_echosvr.h; path = ../../../example_echosvr.h; sourceTree = "<group>"; };
		9205A92A216B929800D54D6A /* example_poll.h */ = {isa = PBXFileReference; fileEncoding = 4; lastKnownFileType = sourcecode.c.h; name = example_poll.h; path = ../../../example_poll.h; sourceTree = "<group>"; };
		9205A92B216B929800D54D6A /* example_specific.h */ = {isa = PBXFileReference; fileEncoding = 4; lastKnownFileType = sourcecode.c.h; name = example_specific.h; path = ../../../example_specific.h; sourceTree = "<group>"; };
		92445FA62147F2FE00733AB6 /* libco_test */ = {isa = PBXFileReference; explicitFileType = "compiled.mach-o.executable"; includeInIndex = 0; path = libco_test; sourceTree = BUILT_PRODUCTS_DIR; };
		92445FA92147F2FE00733AB6 /* main.cpp */ = {isa = PBXFileReference; lastKnownFileType = sourcecode.cpp.cpp; path = main.cpp; sourceTree = "<group>"; };
		92445FB12147F32B00733AB6 /* co_closure.h */ = {isa = PBXFileReference; fileEncoding = 4; lastKnownFileType = sourcecode.c.h; name = co_closure.h; path = ../../../co_closure.h; sourceTree = "<group>"; };
		92445FB22147F32B00733AB6 /* co_epoll.cpp */ = {isa = PBXFileReference; fileEncoding = 4; lastKnownFileType = sourcecode.cpp.cpp; name = co_epoll.cpp; path = ../../../co_epoll.cpp; sourceTree = "<group>"; };
		92445FB32147F32B00733AB6 /* co_hook_sys_call.cpp */ = {isa = PBXFileReference; fileEncoding = 4; lastKnownFileType = sourcecode.cpp.cpp; name = co_hook_sys_call.cpp; path = ../../../co_hook_sys_call.cpp; sourceTree = "<group>"; };
		92445FB42147F32B00733AB6 /* co_routine_inner.h */ = {isa = PBXFileReference; fileEncoding = 4; lastKnownFileType = sourcecode.c.h; name = co_routine_inner.h; path = ../../../co_routine_inner.h; sourceTree = "<group>"; };
		92445FB52147F32B00733AB6 /* co_routine.h */ = {isa = PBXFileReference; fileEncoding = 4; lastKnownFileType = sourcecode.c.h; name = co_routine.h; path = ../../../co_routine.h; sourceTree = "<group>"; };
		92445FB62147F32B00733AB6 /* co_epoll.h */ = {isa = PBXFileReference; fileEncoding = 4; lastKnownFileType = sourcecode.c.h; name = co_epoll.h; path = ../../../co_epoll.h; sourceTree = "<group>"; };
		92445FB72147F32C00733AB6 /* coctx_swap.S */ = {isa = PBXFileReference; fileEncoding = 4; lastKnownFileType = sourcecode.asm; name = coctx_swap.S; path = ../../../coctx_swap.S; sourceTree = "<group>"; };
		92445FB82147F32C00733AB6 /* coctx.cpp */ = {isa = PBXFileReference; fileEncoding = 4; lastKnownFileType = sourcecode.cpp.cpp; name = coctx.cpp; path = ../../../coctx.cpp; sourceTree = "<group>"; };
		92445FB92147F32C00733AB6 /* co_routine_specific.h */ = {isa = PBXFileReference; fileEncoding = 4; lastKnownFileType = sourcecode.c.h; name = co_routine_specific.h; path = ../../../co_routine_specific.h; sourceTree = "<group>"; };
		92445FBA2147F32C00733AB6 /* coctx.h */ = {isa = PBXFileReference; fileEncoding = 4; lastKnownFileType = sourcecode.c.h; name = coctx.h; path = ../../../coctx.h; sourceTree = "<group>"; };
		92445FBB2147F32C00733AB6 /* co_routine.cpp */ = {isa = PBXFileReference; fileEncoding = 4; lastKnownFileType = sourcecode.cpp.cpp; name = co_routine.cpp; path = ../../../co_routine.cpp; sourceTree = "<group>"; };
		92445FC12147F54200733AB6 /* example_closure.h */ = {isa = PBXFileReference; fileEncoding = 4; lastKnownFileType = sourcecode.c.h; name = example_closure.h; path = ../../../example_closure.h; sourceTree = "<group>"; };
/* End PBXFileReference section */

/* Begin PBXFrameworksBuildPhase section */
		92445FA32147F2FE00733AB6 /* Frameworks */ = {
			isa = PBXFrameworksBuildPhase;
			buildActionMask = 2147483647;
			files = (
			);
			runOnlyForDeploymentPostprocessing = 0;
		};
/* End PBXFrameworksBuildPhase section */

/* Begin PBXGroup section */
		92445F9D2147F2FE00733AB6 = {
			isa = PBXGroup;
			children = (
				92445FB02147F31A00733AB6 /* libco */,
				92445FA82147F2FE00733AB6 /* libco_test */,
				92445FA72147F2FE00733AB6 /* Products */,
			);
			sourceTree = "<group>";
		};
		92445FA72147F2FE00733AB6 /* Products */ = {
			isa = PBXGroup;
			children = (
				92445FA62147F2FE00733AB6 /* libco_test */,
			);
			name = Products;
			sourceTree = "<group>";
		};
		92445FA82147F2FE00733AB6 /* libco_test */ = {
			isa = PBXGroup;
			children = (
				9205A929216B929800D54D6A /* example_echosvr.h */,
				9205A92A216B929800D54D6A /* example_poll.h */,
				9205A928216B929800D54D6A /* example_setenv.h */,
				9205A92B216B929800D54D6A /* example_specific.h */,
				9205A927216B929800D54D6A /* example_thread.h */,
				9205A91A216B8D5000D54D6A /* example_cond.h */,
				9205A91D216B8D5000D54D6A /* example_copystack.h */,
				9205A917216B8D5000D54D6A /* example_echocli.h */,
				92445FC12147F54200733AB6 /* example_closure.h */,
				92445FA92147F2FE00733AB6 /* main.cpp */,
			);
			path = libco_test;
			sourceTree = "<group>";
		};
		92445FB02147F31A00733AB6 /* libco */ = {
			isa = PBXGroup;
			children = (
				92445FB12147F32B00733AB6 /* co_closure.h */,
				92445FB22147F32B00733AB6 /* co_epoll.cpp */,
				92445FB62147F32B00733AB6 /* co_epoll.h */,
				92445FB32147F32B00733AB6 /* co_hook_sys_call.cpp */,
				92445FB42147F32B00733AB6 /* co_routine_inner.h */,
				92445FB92147F32C00733AB6 /* co_routine_specific.h */,
				92445FBB2147F32C00733AB6 /* co_routine.cpp */,
				92445FB52147F32B00733AB6 /* co_routine.h */,
				92445FB72147F32C00733AB6 /* coctx_swap.S */,
				92445FB82147F32C00733AB6 /* coctx.cpp */,
				92445FBA2147F32C00733AB6 /* coctx.h */,
			);
			path = libco;
			sourceTree = "<group>";
		};
/* End PBXGroup section */

/* Begin PBXNativeTarget section */
		92445FA52147F2FE00733AB6 /* libco_test */ = {
			isa = PBXNativeTarget;
			buildConfigurationList = 92445FAD2147F2FE00733AB6 /* Build configuration list for PBXNativeTarget "libco_test" */;
			buildPhases = (
				92445FA22147F2FE00733AB6 /* Sources */,
				92445FA32147F2FE00733AB6 /* Frameworks */,
				92445FA42147F2FE00733AB6 /* CopyFiles */,
			);
			buildRules = (
			);
			dependencies = (
			);
			name = libco_test;
			productName = libco_test;
			productReference = 92445FA62147F2FE00733AB6 /* libco_test */;
			productType = "com.apple.product-type.tool";
		};
/* End PBXNativeTarget section */

/* Begin PBXProject section */
		92445F9E2147F2FE00733AB6 /* Project object */ = {
			isa = PBXProject;
			attributes = {
				LastUpgradeCheck = 0940;
				ORGANIZATIONNAME = AlexiChen;
				TargetAttributes = {
					92445FA52147F2FE00733AB6 = {
						CreatedOnToolsVersion = 9.4.1;
					};
				};
			};
			buildConfigurationList = 92445FA12147F2FE00733AB6 /* Build configuration list for PBXProject "libco_test" */;
			compatibilityVersion = "Xcode 9.3";
			developmentRegion = en;
			hasScannedForEncodings = 0;
			knownRegions = (
				en,
			);
			mainGroup = 92445F9D2147F2FE00733AB6;
			productRefGroup = 92445FA72147F2FE00733AB6 /* Products */;
			projectDirPath = "";
			projectRoot = "";
			targets = (
				92445FA52147F2FE00733AB6 /* libco_test */,
			);
		};
/* End PBXProject section */

/* Begin PBXSourcesBuildPhase section */
		92445FA22147F2FE00733AB6 /* Sources */ = {
			isa = PBXSourcesBuildPhase;
			buildActionMask = 2147483647;
			files = (
				9205A922216B8D5000D54D6A /* example_cond.h in Sources */,
				9205A930216B929800D54D6A /* example_specific.h in Sources */,
				92445FBE2147F32C00733AB6 /* coctx_swap.S in Sources */,
				9205A92E216B929800D54D6A /* example_echosvr.h in Sources */,
				9205A92F216B929800D54D6A /* example_poll.h in Sources */,
				9205A925216B8D5000D54D6A /* example_copystack.h in Sources */,
				92445FBC2147F32C00733AB6 /* co_epoll.cpp in Sources */,
				92445FC02147F32C00733AB6 /* co_routine.cpp in Sources */,
				92445FC22147F54200733AB6 /* example_closure.h in Sources */,
				92445FBD2147F32C00733AB6 /* co_hook_sys_call.cpp in Sources */,
				92445FBF2147F32C00733AB6 /* coctx.cpp in Sources */,
				9205A92C216B929800D54D6A /* example_thread.h in Sources */,
				9205A91F216B8D5000D54D6A /* example_echocli.h in Sources */,
				92445FAA2147F2FE00733AB6 /* main.cpp in Sources */,
				9205A92D216B929800D54D6A /* example_setenv.h in Sources */,
			);
			runOnlyForDeploymentPostprocessing = 0;
		};
/* End PBXSourcesBuildPhase section */

/* Begin XCBuildConfiguration section */
		92445FAB2147F2FE00733AB6 /* Debug */ = {
			isa = XCBuildConfiguration;
			buildSettings = {
				ALWAYS_SEARCH_USER_PATHS = NO;
				CLANG_ANALYZER_NONNULL = YES;
				CLANG_ANALYZER_NUMBER_OBJECT_CONVERSION = YES_AGGRESSIVE;
				CLANG_CXX_LANGUAGE_STANDARD = "gnu++14";
				CLANG_CXX_LIBRARY = "libc++";
				CLANG_ENABLE_MODULES = YES;
				CLANG_ENABLE_OBJC_ARC = YES;
				CLANG_ENABLE_OBJC_WEAK = YES;
				CLANG_WARN_BLOCK_CAPTURE_AUTORELEASING = YES;
				CLANG_WARN_BOOL_CONVERSION = YES;
				CLANG_WARN_COMMA = YES;
				CLANG_WARN_CONSTANT_CONVERSION = YES;
				CLANG_WARN_DEPRECATED_OBJC_IMPLEMENTATIONS = YES;
				CLANG_WARN_DIRECT_OBJC_ISA_USAGE = YES_ERROR;
				CLANG_WARN_DOCUMENTATION_COMMENTS = YES;
				CLANG_WARN_EMPTY_BODY = YES;
				CLANG_WARN_ENUM_CONVERSION = YES;
				CLANG_WARN_INFINITE_RECURSION = YES;
				CLANG_WARN_INT_CONVERSION = YES;
				CLANG_WARN_NON_LITERAL_NULL_CONVERSION = YES;
				CLANG_WARN_OBJC_IMPLICIT_RETAIN_SELF = YES;
				CLANG_WARN_OBJC_LITERAL_CONVERSION = YES;
				CLANG_WARN_OBJC_ROOT_CLASS = YES_ERROR;
				CLANG_WARN_RANGE_LOOP_ANALYSIS = YES;
				CLANG_WARN_STRICT_PROTOTYPES = YES;
				CLANG_WARN_SUSPICIOUS_MOVE = YES;
				CLANG_WARN_UNGUARDED_AVAILABILITY = YES_AGGRESSIVE;
				CLANG_WARN_UNREACHABLE_CODE = YES;
				CLANG_WARN__DUPLICATE_METHOD_MATCH = YES;
				CODE_SIGN_IDENTITY = "Mac Developer";
				COPY_PHASE_STRIP = NO;
				DEBUG_INFORMATION_FORMAT = dwarf;
				ENABLE_STRICT_OBJC_MSGSEND = YES;
				ENABLE_TESTABILITY = YES;
				GCC_C_LANGUAGE_STANDARD = gnu11;
				GCC_DYNAMIC_NO_PIC = NO;
				GCC_NO_COMMON_BLOCKS = YES;
				GCC_OPTIMIZATION_LEVEL = 0;
				GCC_PREPROCESSOR_DEFINITIONS = (
					"DEBUG=1",
					"$(inherited)",
				);
				GCC_WARN_64_TO_32_BIT_CONVERSION = YES;
				GCC_WARN_ABOUT_RETURN_TYPE = YES_ERROR;
				GCC_WARN_UNDECLARED_SELECTOR = YES;
				GCC_WARN_UNINITIALIZED_AUTOS = YES_AGGRESSIVE;
				GCC_WARN_UNUSED_FUNCTION = YES;
				GCC_WARN_UNUSED_VARIABLE = YES;
				MACOSX_DEPLOYMENT_TARGET = 10.13;
				MTL_ENABLE_DEBUG_INFO = YES;
				ONLY_ACTIVE_ARCH = YES;
				SDKROOT = macosx;
			};
			name = Debug;
		};
		92445FAC2147F2FE00733AB6 /* Release */ = {
			isa = XCBuildConfiguration;
			buildSettings = {
				ALWAYS_SEARCH_USER_PATHS = NO;
				CLANG_ANALYZER_NONNULL = YES;
				CLANG_ANALYZER_NUMBER_OBJECT_CONVERSION = YES_AGGRESSIVE;
				CLANG_CXX_LANGUAGE_STANDARD = "gnu++14";
				CLANG_CXX_LIBRARY = "libc++";
				CLANG_ENABLE_MODULES = YES;
				CLANG_ENABLE_OBJC_ARC = YES;
				CLANG_ENABLE_OBJC_WEAK = YES;
				CLANG_WARN_BLOCK_CAPTURE_AUTORELEASING = YES;
				CLANG_WARN_BOOL_CONVERSION = YES;
				CLANG_WARN_COMMA = YES;
				CLANG_WARN_CONSTANT_CONVERSION = YES;
				CLANG_WARN_DEPRECATED_OBJC_IMPLEMENTATIONS = YES;
				CLANG_WARN_DIRECT_OBJC_ISA_USAGE = YES_ERROR;
				CLANG_WARN_DOCUMENTATION_COMMENTS = YES;
				CLANG_WARN_EMPTY_BODY = YES;
				CLANG_WARN_ENUM_CONVERSION = YES;
				CLANG_WARN_INFINITE_RECURSION = YES;
				CLANG_WARN_INT_CONVERSION = YES;
				CLANG_WARN_NON_LITERAL_NULL_CONVERSION = YES;
				CLANG_WARN_OBJC_IMPLICIT_RETAIN_SELF = YES;
				CLANG_WARN_OBJC_LITERAL_CONVERSION = YES;
				CLANG_WARN_OBJC_ROOT_CLASS = YES_ERROR;
				CLANG_WARN_RANGE_LOOP_ANALYSIS = YES;
				CLANG_WARN_STRICT_PROTOTYPES = YES;
				CLANG_WARN_SUSPICIOUS_MOVE = YES;
				CLANG_WARN_UNGUARDED_AVAILABILITY = YES_AGGRESSIVE;
				CLANG_WARN_UNREACHABLE_CODE = YES;
				CLANG_WARN__DUPLICATE_METHOD_MATCH = YES;
				CODE_SIGN_IDENTITY = "Mac Developer";
				COPY_PHASE_STRIP = NO;
				DEBUG_INFORMATION_FORMAT = "dwarf-with-dsym";
				ENABLE_NS_ASSERTIONS = NO;
				ENABLE_STRICT_OBJC_MSGSEND = YES;
				GCC_C_LANGUAGE_STANDARD = gnu11;
				GCC_NO_COMMON_BLOCKS = YES;
				GCC_WARN_64_TO_32_BIT_CONVERSION = YES;
				GCC_WARN_ABOUT_RETURN_TYPE = YES_ERROR;
				GCC_WARN_UNDECLARED_SELECTOR = YES;
				GCC_WARN_UNINITIALIZED_AUTOS = YES_AGGRESSIVE;
				GCC_WARN_UNUSED_FUNCTION = YES;
				GCC_WARN_UNUSED_VARIABLE = YES;
				MACOSX_DEPLOYMENT_TARGET = 10.13;
				MTL_ENABLE_DEBUG_INFO = NO;
				SDKROOT = macosx;
			};
			name = Release;
		};
		92445FAE2147F2FE00733AB6 /* Debug */ = {
			isa = XCBuildConfiguration;
			buildSettings = {
				CODE_SIGN_STYLE = Automatic;
				DEVELOPMENT_TEAM = P7W6W36ZY5;
				HEADER_SEARCH_PATHS = "$(SRCROOT)/../..";
				PRODUCT_NAME = "$(TARGET_NAME)";
			};
			name = Debug;
		};
		92445FAF2147F2FE00733AB6 /* Release */ = {
			isa = XCBuildConfiguration;
			buildSettings = {
				CODE_SIGN_STYLE = Automatic;
				DEVELOPMENT_TEAM = P7W6W36ZY5;
				HEADER_SEARCH_PATHS = "$(SRCROOT)/../..";
				PRODUCT_NAME = "$(TARGET_NAME)";
			};
			name = Release;
		};
/* End XCBuildConfiguration section */

/* Begin XCConfigurationList section */
		92445FA12147F2FE00733AB6 /* Build configuration list for PBXProject "libco_test" */ = {
			isa = XCConfigurationList;
			buildConfigurations = (
				92445FAB2147F2FE00733AB6 /* Debug */,
				92445FAC2147F2FE00733AB6 /* Release */,
			);
			defaultConfigurationIsVisible = 0;
			defaultConfigurationName = Release;
		};
		92445FAD2147F2FE00733AB6 /* Build configuration list for PBXNativeTarget "libco_test" */ = {
			isa = XCConfigurationList;
			buildConfigurations = (
				92445FAE2147F2FE00733AB6 /* Debug */,
				92445FAF2147F2FE00733AB6 /* Release */,
			);
			defaultConfigurationIsVisible = 0;
			defaultConfigurationName = Release;
		};
/* End XCConfigurationList section */
	};
	rootObject = 92445F9E2147F2FE00733AB6 /* Project object */;
}
